
Microsoft Visual Studio Solution File, Format Version 12.00
# Visual Studio Version 16
VisualStudioVersion = 16.0.31313.79
MinimumVisualStudioVersion = 10.0.40219.1
Project("{9A19103F-16F7-4668-BE54-9A1E7A4F7556}") = "LSerialObserver", "LSerialObserver\LSerialObserver.csproj", "{82587B39-E1FF-414A-8220-D33892FD1E83}"
EndProject
Project("{FAE04EC0-301F-11D3-BF4B-00C04F79EFBC}") = "Configurator", "Configurator\Configurator.csproj", "{F8BA3BCF-6F55-43D6-AB5F-AB5652E14338}"
EndProject
Global
	GlobalSection(SolutionConfigurationPlatforms) = preSolution
		Debug|Any CPU = Debug|Any CPU
		Release|Any CPU = Release|Any CPU
	EndGlobalSection
	GlobalSection(ProjectConfigurationPlatforms) = postSolution
		{82587B39-E1FF-414A-8220-D33892FD1E83}.Debug|Any CPU.ActiveCfg = Debug|Any CPU
		{82587B39-E1FF-414A-8220-D33892FD1E83}.Debug|Any CPU.Build.0 = Debug|Any CPU
		{82587B39-E1FF-414A-8220-D33892FD1E83}.Release|Any CPU.ActiveCfg = Release|Any CPU
		{82587B39-E1FF-414A-8220-D33892FD1E83}.Release|Any CPU.Build.0 = Release|Any CPU
		{F8BA3BCF-6F55-43D6-AB5F-AB5652E14338}.Debug|Any CPU.ActiveCfg = Debug|Any CPU
		{F8BA3BCF-6F55-43D6-AB5F-AB5652E14338}.Debug|Any CPU.Build.0 = Debug|Any CPU
		{F8BA3BCF-6F55-43D6-AB5F-AB5652E14338}.Release|Any CPU.ActiveCfg = Release|Any CPU
		{F8BA3BCF-6F55-43D6-AB5F-AB5652E14338}.Release|Any CPU.Build.0 = Release|Any CPU
	EndGlobalSection
	GlobalSection(SolutionProperties) = preSolution
		HideSolutionNode = FALSE
	EndGlobalSection
	GlobalSection(ExtensibilityGlobals) = postSolution
		SolutionGuid = {9B4FA472-FE4F-44C9-9944-8D28F2D0E043}
	EndGlobalSection
EndGlobal
